
Microsoft Visual Studio Solution File, Format Version 12.00
# Visual Studio Version 16
VisualStudioVersion = 16.0.29613.14
MinimumVisualStudioVersion = 10.0.40219.1
Project("{FAE04EC0-301F-11D3-BF4B-00C04F79EFBC}") = "WebApplicationQL_TV", "WebApplicationQL_TV\WebApplicationQL_TV.csproj", "{E9E2CF4D-514A-4AAD-A8A5-0758794EBD1E}"
EndProject
Global
	GlobalSection(SolutionConfigurationPlatforms) = preSolution
		Debug|Any CPU = Debug|Any CPU
		Release|Any CPU = Release|Any CPU
	EndGlobalSection
	GlobalSection(ProjectConfigurationPlatforms) = postSolution
		{E9E2CF4D-514A-4AAD-A8A5-0758794EBD1E}.Debug|Any CPU.ActiveCfg = Debug|Any CPU
		{E9E2CF4D-514A-4AAD-A8A5-0758794EBD1E}.Debug|Any CPU.Build.0 = Debug|Any CPU
		{E9E2CF4D-514A-4AAD-A8A5-0758794EBD1E}.Release|Any CPU.ActiveCfg = Release|Any CPU
		{E9E2CF4D-514A-4AAD-A8A5-0758794EBD1E}.Release|Any CPU.Build.0 = Release|Any CPU
	EndGlobalSection
	GlobalSection(SolutionProperties) = preSolution
		HideSolutionNode = FALSE
	EndGlobalSection
	GlobalSection(ExtensibilityGlobals) = postSolution
		SolutionGuid = {53B7A722-0EFE-4522-B1E2-9EBF8686805E}
	EndGlobalSection
EndGlobal
